// !$*UTF8*$!
{
	archiveVersion = 1;
	classes = {
	};
	objectVersion = 77;
	objects = {

/* Begin PBXBuildFile section */
		0BBA8AB039E8747D7B32DD2B /* GRDB in Frameworks */ = {isa = PBXBuildFile; productRef = BE5C2E17EF0C69207E974734 /* GRDB */; };
		23BC3BCF83DE1DB685DC8083 /* TerminalPreferencesViewModel.swift in Sources */ = {isa = PBXBuildFile; fileRef = 816FF6C8FA292A9F85F250A3 /* TerminalPreferencesViewModel.swift */; };
		43EA15AE8BF68D6418208602 /* ThemeRegistry.swift in Sources */ = {isa = PBXBuildFile; fileRef = 19F049F29C05AC9097D336FB /* ThemeRegistry.swift */; };
		4D75E19017FE25FC3BB7A44B /* SessionViewModelTests.swift in Sources */ = {isa = PBXBuildFile; fileRef = C006A6AC4361A31DD6F05E7C /* SessionViewModelTests.swift */; };
		54726AAC7E82CABDBE62575E /* GRDB in Frameworks */ = {isa = PBXBuildFile; productRef = 6C0264FD721A3FCCFED9642C /* GRDB */; };
		594851FE18058F2BA8CAE1A6 /* KnownHostTests.swift in Sources */ = {isa = PBXBuildFile; fileRef = D381BDEE8227C4506F3DD6C9 /* KnownHostTests.swift */; };
		807575BA0771174E8A688CAF /* SwiftTerm in Frameworks */ = {isa = PBXBuildFile; productRef = 55DF05A872FC3FA28C7CA55D /* SwiftTerm */; };
		A7CFBB1962A10132117A0856 /* NIOSSH in Frameworks */ = {isa = PBXBuildFile; productRef = B2A53C70A9566925E6BF53E1 /* NIOSSH */; };
		B8037C3C31167E6CA1A4FA24 /* Cocoa.framework in Frameworks */ = {isa = PBXBuildFile; fileRef = 42A92A4EFFB35DBE3F87AEF3 /* Cocoa.framework */; };
		CCB4D82AC5B44585253893FD /* SessionTests.swift in Sources */ = {isa = PBXBuildFile; fileRef = FD76DD03AA4FE6338304350B /* SessionTests.swift */; };
		DE9365284879C264C873513C /* KeychainServiceMock.swift in Sources */ = {isa = PBXBuildFile; fileRef = D1ECBD966DDFF89C8749C33E /* KeychainServiceMock.swift */; };
		E5BB7EF65963601D6267B6E9 /* TestDatabase.swift in Sources */ = {isa = PBXBuildFile; fileRef = 82C9AE777B6BADCE425DCFF2 /* TestDatabase.swift */; };
		E783617687F1E096E83D2723 /* TerminalSettingsView.swift in Sources */ = {isa = PBXBuildFile; fileRef = 7F171F43ACFC3C7F58D01223 /* TerminalSettingsView.swift */; };
		EB4B2FF1F9A4ECDE7528CB3A /* TerminalProfile.swift in Sources */ = {isa = PBXBuildFile; fileRef = 7E3A365DA1410EB37A3E5056 /* TerminalProfile.swift */; };
		F919F46C43830FF6D60B3EEF /* SessionFormValidationTests.swift in Sources */ = {isa = PBXBuildFile; fileRef = F0B5C8A21220921DB943DF4E /* SessionFormValidationTests.swift */; };
/* End PBXBuildFile section */

/* Begin PBXContainerItemProxy section */
		F04BA588073FFB303F200C79 /* PBXContainerItemProxy */ = {
			isa = PBXContainerItemProxy;
			containerPortal = 6A7ED2DB2F8ED8F700A715B0 /* Project object */;
			proxyType = 1;
			remoteGlobalIDString = 6A7ED2E22F8ED8F700A715B0;
			remoteInfo = zetssh;
		};
/* End PBXContainerItemProxy section */

/* Begin PBXFileReference section */
		19F049F29C05AC9097D336FB /* ThemeRegistry.swift */ = {isa = PBXFileReference; includeInIndex = 1; lastKnownFileType = sourcecode.swift; name = ThemeRegistry.swift; path = zetssh/Data/Database/ThemeRegistry.swift; sourceTree = "<group>"; };
		301DA1CE91F15D70E478937C /* PrimaryButton.swift */ = {isa = PBXFileReference; includeInIndex = 1; lastKnownFileType = sourcecode.swift; path = PrimaryButton.swift; sourceTree = "<group>"; };
		42A92A4EFFB35DBE3F87AEF3 /* Cocoa.framework */ = {isa = PBXFileReference; lastKnownFileType = wrapper.framework; name = Cocoa.framework; path = Platforms/MacOSX.platform/Developer/SDKs/MacOSX15.0.sdk/System/Library/Frameworks/Cocoa.framework; sourceTree = DEVELOPER_DIR; };
		5F897C2E9BFE2397B759465B /* SessionRepository.swift */ = {isa = PBXFileReference; includeInIndex = 1; lastKnownFileType = sourcecode.swift; path = SessionRepository.swift; sourceTree = "<group>"; };
		6A11F4BF60933C52960E1907 /* zetsshApp.swift */ = {isa = PBXFileReference; includeInIndex = 1; lastKnownFileType = sourcecode.swift; path = zetsshApp.swift; sourceTree = "<group>"; };
		6A7ED2E32F8ED8F700A715B0 /* zetssh.app */ = {isa = PBXFileReference; explicitFileType = wrapper.application; includeInIndex = 0; path = zetssh.app; sourceTree = BUILT_PRODUCTS_DIR; };
		74A5B905A8E3E5284D3ED137 /* SSHEngine.swift */ = {isa = PBXFileReference; includeInIndex = 1; lastKnownFileType = sourcecode.swift; path = SSHEngine.swift; sourceTree = "<group>"; };
		78509588C0AD416E8B868322 /* Folder.swift */ = {isa = PBXFileReference; includeInIndex = 1; lastKnownFileType = sourcecode.swift; path = Folder.swift; sourceTree = "<group>"; };
		7E3A365DA1410EB37A3E5056 /* TerminalProfile.swift */ = {isa = PBXFileReference; includeInIndex = 1; lastKnownFileType = sourcecode.swift; name = TerminalProfile.swift; path = zetssh/Domain/Models/TerminalProfile.swift; sourceTree = "<group>"; };
		7F171F43ACFC3C7F58D01223 /* TerminalSettingsView.swift */ = {isa = PBXFileReference; includeInIndex = 1; lastKnownFileType = sourcecode.swift; name = TerminalSettingsView.swift; path = zetssh/Presentation/Settings/TerminalSettingsView.swift; sourceTree = "<group>"; };
		816FF6C8FA292A9F85F250A3 /* TerminalPreferencesViewModel.swift */ = {isa = PBXFileReference; includeInIndex = 1; lastKnownFileType = sourcecode.swift; name = TerminalPreferencesViewModel.swift; path = zetssh/Presentation/Settings/TerminalPreferencesViewModel.swift; sourceTree = "<group>"; };
		82C9AE777B6BADCE425DCFF2 /* TestDatabase.swift */ = {isa = PBXFileReference; includeInIndex = 1; lastKnownFileType = sourcecode.swift; path = TestDatabase.swift; sourceTree = "<group>"; };
		975545BB9E607A5DF0C692B9 /* KeychainService.swift */ = {isa = PBXFileReference; includeInIndex = 1; lastKnownFileType = sourcecode.swift; path = KeychainService.swift; sourceTree = "<group>"; };
		9B1C7E8A487BE9E4394F3EEC /* KeychainService+DBKey.swift */ = {isa = PBXFileReference; includeInIndex = 1; lastKnownFileType = sourcecode.swift; path = "KeychainService+DBKey.swift"; sourceTree = "<group>"; };
		9FD8311379EED2D3A42C1EAA /* TerminalView.swift */ = {isa = PBXFileReference; includeInIndex = 1; lastKnownFileType = sourcecode.swift; path = TerminalView.swift; sourceTree = "<group>"; };
		BA943AD09D0D7BE3E1B87004 /* Session.swift */ = {isa = PBXFileReference; includeInIndex = 1; lastKnownFileType = sourcecode.swift; path = Session.swift; sourceTree = "<group>"; };
		BD47466BC3B07E987E8C6122 /* AppConstants.swift */ = {isa = PBXFileReference; includeInIndex = 1; lastKnownFileType = sourcecode.swift; path = AppConstants.swift; sourceTree = "<group>"; };
		C006A6AC4361A31DD6F05E7C /* SessionViewModelTests.swift */ = {isa = PBXFileReference; includeInIndex = 1; lastKnownFileType = sourcecode.swift; path = SessionViewModelTests.swift; sourceTree = "<group>"; };
		CEA1C4B76DAB6F6C01628958 /* ZetSSHTests.xctest */ = {isa = PBXFileReference; explicitFileType = wrapper.cfbundle; includeInIndex = 0; path = ZetSSHTests.xctest; sourceTree = BUILT_PRODUCTS_DIR; };
		CFB6E36852D5A816877897CA /* AppDatabase.swift */ = {isa = PBXFileReference; includeInIndex = 1; lastKnownFileType = sourcecode.swift; path = AppDatabase.swift; sourceTree = "<group>"; };
		D1ECBD966DDFF89C8749C33E /* KeychainServiceMock.swift */ = {isa = PBXFileReference; includeInIndex = 1; lastKnownFileType = sourcecode.swift; path = KeychainServiceMock.swift; sourceTree = "<group>"; };
		D381BDEE8227C4506F3DD6C9 /* KnownHostTests.swift */ = {isa = PBXFileReference; includeInIndex = 1; lastKnownFileType = sourcecode.swift; path = KnownHostTests.swift; sourceTree = "<group>"; };
		D5B57B62A908BAE6FD329531 /* AppLogger.swift */ = {isa = PBXFileReference; includeInIndex = 1; lastKnownFileType = sourcecode.swift; path = AppLogger.swift; sourceTree = "<group>"; };
		DF0287A69876A464DD4F08A9 /* SessionFormView.swift */ = {isa = PBXFileReference; includeInIndex = 1; lastKnownFileType = sourcecode.swift; path = SessionFormView.swift; sourceTree = "<group>"; };
		DFAB576156C4B6D5506716B4 /* SidebarView.swift */ = {isa = PBXFileReference; includeInIndex = 1; lastKnownFileType = sourcecode.swift; path = SidebarView.swift; sourceTree = "<group>"; };
		E93C733E5582E79D2D51464D /* ContentView.swift */ = {isa = PBXFileReference; includeInIndex = 1; lastKnownFileType = sourcecode.swift; path = ContentView.swift; sourceTree = "<group>"; };
		F0B5C8A21220921DB943DF4E /* SessionFormValidationTests.swift */ = {isa = PBXFileReference; includeInIndex = 1; lastKnownFileType = sourcecode.swift; path = SessionFormValidationTests.swift; sourceTree = "<group>"; };
		FC441FC87B3F622F4500D40C /* SessionDetailView.swift */ = {isa = PBXFileReference; includeInIndex = 1; lastKnownFileType = sourcecode.swift; path = SessionDetailView.swift; sourceTree = "<group>"; };
		FD76DD03AA4FE6338304350B /* SessionTests.swift */ = {isa = PBXFileReference; includeInIndex = 1; lastKnownFileType = sourcecode.swift; path = SessionTests.swift; sourceTree = "<group>"; };
/* End PBXFileReference section */

/* Begin PBXFileSystemSynchronizedRootGroup section */
		6A7ED2E52F8ED8F700A715B0 /* zetssh */ = {
			isa = PBXFileSystemSynchronizedRootGroup;
			exceptions = (
			);
			path = zetssh;
			sourceTree = "<group>";
		};
/* End PBXFileSystemSynchronizedRootGroup section */

/* Begin PBXFrameworksBuildPhase section */
		6A7ED2E02F8ED8F700A715B0 /* Frameworks */ = {
			isa = PBXFrameworksBuildPhase;
			buildActionMask = 2147483647;
			files = (
				807575BA0771174E8A688CAF /* SwiftTerm in Frameworks */,
				A7CFBB1962A10132117A0856 /* NIOSSH in Frameworks */,
				54726AAC7E82CABDBE62575E /* GRDB in Frameworks */,
			);
			runOnlyForDeploymentPostprocessing = 0;
		};
		89BF59DB8FB4773544AE7F50 /* Frameworks */ = {
			isa = PBXFrameworksBuildPhase;
			buildActionMask = 2147483647;
			files = (
				B8037C3C31167E6CA1A4FA24 /* Cocoa.framework in Frameworks */,
				0BBA8AB039E8747D7B32DD2B /* GRDB in Frameworks */,
			);
			runOnlyForDeploymentPostprocessing = 0;
		};
/* End PBXFrameworksBuildPhase section */

/* Begin PBXGroup section */
		0E9523EBD3994988C861EFC2 /* Models */ = {
			isa = PBXGroup;
			children = (
				FD76DD03AA4FE6338304350B /* SessionTests.swift */,
				D381BDEE8227C4506F3DD6C9 /* KnownHostTests.swift */,
			);
			name = Models;
			path = Models;
			sourceTree = "<group>";
		};
		1F3F5A37DD2934B4DF03F5F6 /* Core */ = {
			isa = PBXGroup;
			children = (
				D5B57B62A908BAE6FD329531 /* AppLogger.swift */,
				BD47466BC3B07E987E8C6122 /* AppConstants.swift */,
			);
			path = Core;
			sourceTree = "<group>";
		};
		26574885EC86860ABF964B95 /* ViewModels */ = {
			isa = PBXGroup;
			children = (
				C006A6AC4361A31DD6F05E7C /* SessionViewModelTests.swift */,
			);
			name = ViewModels;
			path = ViewModels;
			sourceTree = "<group>";
		};
		3CF78113008E86D7B1166ECE /* zetssh */ = {
			isa = PBXGroup;
			children = (
				861FAB629685BBC77482A13F /* App */,
				C8A9110DEED268461C1371CA /* Domain */,
				9B762B246C0DB8B478D0FB60 /* Data */,
				8D6FC3276645D1CB80894E0E /* Presentation */,
				1F3F5A37DD2934B4DF03F5F6 /* Core */,
			);
			path = zetssh;
			sourceTree = "<group>";
		};
		53BE096A20CFB97840F7EF19 /* Database */ = {
			isa = PBXGroup;
			children = (
				CFB6E36852D5A816877897CA /* AppDatabase.swift */,
				5F897C2E9BFE2397B759465B /* SessionRepository.swift */,
			);
			path = Database;
			sourceTree = "<group>";
		};
		66562E8A98F32FDDCAEB6D1D /* Models */ = {
			isa = PBXGroup;
			children = (
				78509588C0AD416E8B868322 /* Folder.swift */,
				BA943AD09D0D7BE3E1B87004 /* Session.swift */,
			);
			path = Models;
			sourceTree = "<group>";
		};
		6A7ED2DA2F8ED8F700A715B0 = {
			isa = PBXGroup;
			children = (
				6A7ED2E52F8ED8F700A715B0 /* zetssh */,
				6A7ED2E42F8ED8F700A715B0 /* Products */,
				3CF78113008E86D7B1166ECE /* zetssh */,
				96C429BC517E608FC2F4330A /* Frameworks */,
				D2A13CBA8669F6E1A806A837 /* ZetSSHTests */,
				7E3A365DA1410EB37A3E5056 /* TerminalProfile.swift */,
				19F049F29C05AC9097D336FB /* ThemeRegistry.swift */,
				816FF6C8FA292A9F85F250A3 /* TerminalPreferencesViewModel.swift */,
				7F171F43ACFC3C7F58D01223 /* TerminalSettingsView.swift */,
			);
			sourceTree = "<group>";
		};
		6A7ED2E42F8ED8F700A715B0 /* Products */ = {
			isa = PBXGroup;
			children = (
				6A7ED2E32F8ED8F700A715B0 /* zetssh.app */,
				CEA1C4B76DAB6F6C01628958 /* ZetSSHTests.xctest */,
			);
			name = Products;
			sourceTree = "<group>";
		};
		799D704CDD40BD911B4BDBDB /* Helpers */ = {
			isa = PBXGroup;
			children = (
				82C9AE777B6BADCE425DCFF2 /* TestDatabase.swift */,
			);
			name = Helpers;
			path = Helpers;
			sourceTree = "<group>";
		};
		861FAB629685BBC77482A13F /* App */ = {
			isa = PBXGroup;
			children = (
				6A11F4BF60933C52960E1907 /* zetsshApp.swift */,
			);
			path = App;
			sourceTree = "<group>";
		};
		8A9BE4EED7F1981F67862666 /* Components */ = {
			isa = PBXGroup;
			children = (
				301DA1CE91F15D70E478937C /* PrimaryButton.swift */,
			);
			path = Components;
			sourceTree = "<group>";
		};
		8D6FC3276645D1CB80894E0E /* Presentation */ = {
			isa = PBXGroup;
			children = (
				E93C733E5582E79D2D51464D /* ContentView.swift */,
				B40F0865640B33D5AA46F799 /* Sessions */,
				F7D1E2507F180A26FBBCBDFC /* Terminal */,
				8A9BE4EED7F1981F67862666 /* Components */,
			);
			path = Presentation;
			sourceTree = "<group>";
		};
		9030C4D1150CB62D626D59E3 /* Mocks */ = {
			isa = PBXGroup;
			children = (
				D1ECBD966DDFF89C8749C33E /* KeychainServiceMock.swift */,
			);
			name = Mocks;
			path = Mocks;
			sourceTree = "<group>";
		};
		96C429BC517E608FC2F4330A /* Frameworks */ = {
			isa = PBXGroup;
			children = (
				E773711F79A1AA728A30B815 /* OS X */,
			);
			name = Frameworks;
			sourceTree = "<group>";
		};
		9B762B246C0DB8B478D0FB60 /* Data */ = {
			isa = PBXGroup;
			children = (
				53BE096A20CFB97840F7EF19 /* Database */,
				E4B530DA7383324481E8123E /* Security */,
				DB17D40808BA1D63DAB235DE /* Network */,
			);
			path = Data;
			sourceTree = "<group>";
		};
		B176009F6D20D802564A341C /* Presentation */ = {
			isa = PBXGroup;
			children = (
				F0B5C8A21220921DB943DF4E /* SessionFormValidationTests.swift */,
			);
			name = Presentation;
			path = Presentation;
			sourceTree = "<group>";
		};
		B40F0865640B33D5AA46F799 /* Sessions */ = {
			isa = PBXGroup;
			children = (
				DFAB576156C4B6D5506716B4 /* SidebarView.swift */,
				FC441FC87B3F622F4500D40C /* SessionDetailView.swift */,
				DF0287A69876A464DD4F08A9 /* SessionFormView.swift */,
			);
			path = Sessions;
			sourceTree = "<group>";
		};
		C8A9110DEED268461C1371CA /* Domain */ = {
			isa = PBXGroup;
			children = (
				66562E8A98F32FDDCAEB6D1D /* Models */,
			);
			path = Domain;
			sourceTree = "<group>";
		};
		D2A13CBA8669F6E1A806A837 /* ZetSSHTests */ = {
			isa = PBXGroup;
			children = (
				9030C4D1150CB62D626D59E3 /* Mocks */,
				799D704CDD40BD911B4BDBDB /* Helpers */,
				0E9523EBD3994988C861EFC2 /* Models */,
				B176009F6D20D802564A341C /* Presentation */,
				26574885EC86860ABF964B95 /* ViewModels */,
			);
			name = ZetSSHTests;
			path = ZetSSHTests;
			sourceTree = "<group>";
		};
		DB17D40808BA1D63DAB235DE /* Network */ = {
			isa = PBXGroup;
			children = (
				74A5B905A8E3E5284D3ED137 /* SSHEngine.swift */,
			);
			path = Network;
			sourceTree = "<group>";
		};
		E4B530DA7383324481E8123E /* Security */ = {
			isa = PBXGroup;
			children = (
				975545BB9E607A5DF0C692B9 /* KeychainService.swift */,
				9B1C7E8A487BE9E4394F3EEC /* KeychainService+DBKey.swift */,
			);
			path = Security;
			sourceTree = "<group>";
		};
		E773711F79A1AA728A30B815 /* OS X */ = {
			isa = PBXGroup;
			children = (
				42A92A4EFFB35DBE3F87AEF3 /* Cocoa.framework */,
			);
			name = "OS X";
			sourceTree = "<group>";
		};
		F7D1E2507F180A26FBBCBDFC /* Terminal */ = {
			isa = PBXGroup;
			children = (
				9FD8311379EED2D3A42C1EAA /* TerminalView.swift */,
			);
			path = Terminal;
			sourceTree = "<group>";
		};
/* End PBXGroup section */

/* Begin PBXNativeTarget section */
		2530DFE02DDA58C844DAFD2E /* ZetSSHTests */ = {
			isa = PBXNativeTarget;
			buildConfigurationList = 196D1C7F756F33D92EFFDAEB /* Build configuration list for PBXNativeTarget "ZetSSHTests" */;
			buildPhases = (
				30743474A2694797851D21A7 /* Sources */,
				89BF59DB8FB4773544AE7F50 /* Frameworks */,
				660F0251A3E14807C8FF3D56 /* Resources */,
			);
			buildRules = (
			);
			dependencies = (
				5B542420092498AE2BD39DA0 /* PBXTargetDependency */,
			);
			name = ZetSSHTests;
			packageProductDependencies = (
				BE5C2E17EF0C69207E974734 /* GRDB */,
			);
			productName = ZetSSHTests;
			productReference = CEA1C4B76DAB6F6C01628958 /* ZetSSHTests.xctest */;
			productType = "com.apple.product-type.bundle.unit-test";
		};
		6A7ED2E22F8ED8F700A715B0 /* zetssh */ = {
			isa = PBXNativeTarget;
			buildConfigurationList = 6A7ED2EE2F8ED8F800A715B0 /* Build configuration list for PBXNativeTarget "zetssh" */;
			buildPhases = (
				6A7ED2DF2F8ED8F700A715B0 /* Sources */,
				6A7ED2E02F8ED8F700A715B0 /* Frameworks */,
				6A7ED2E12F8ED8F700A715B0 /* Resources */,
			);
			buildRules = (
			);
			dependencies = (
			);
			fileSystemSynchronizedGroups = (
				6A7ED2E52F8ED8F700A715B0 /* zetssh */,
			);
			name = zetssh;
			packageProductDependencies = (
				55DF05A872FC3FA28C7CA55D /* SwiftTerm */,
				B2A53C70A9566925E6BF53E1 /* NIOSSH */,
				6C0264FD721A3FCCFED9642C /* GRDB */,
			);
			productName = zetssh;
			productReference = 6A7ED2E32F8ED8F700A715B0 /* zetssh.app */;
			productType = "com.apple.product-type.application";
		};
/* End PBXNativeTarget section */

/* Begin PBXProject section */
		6A7ED2DB2F8ED8F700A715B0 /* Project object */ = {
			isa = PBXProject;
			attributes = {
				BuildIndependentTargetsInParallel = 1;
				LastSwiftUpdateCheck = 2630;
				LastUpgradeCheck = 2630;
				TargetAttributes = {
					6A7ED2E22F8ED8F700A715B0 = {
						CreatedOnToolsVersion = 26.3;
					};
				};
			};
			buildConfigurationList = 6A7ED2DE2F8ED8F700A715B0 /* Build configuration list for PBXProject "zetssh" */;
			developmentRegion = en;
			hasScannedForEncodings = 0;
			knownRegions = (
				en,
				Base,
			);
			mainGroup = 6A7ED2DA2F8ED8F700A715B0;
			minimizedProjectReferenceProxies = 1;
			packageReferences = (
				3F236E04C2B7E7DCD8185034 /* XCRemoteSwiftPackageReference "SwiftTerm" */,
				A00F5B58FAC6FAAE27F200E9 /* XCRemoteSwiftPackageReference "swift-nio-ssh" */,
				C4E015F97648DB9B4F515303 /* XCRemoteSwiftPackageReference "GRDB.swift" */,
			);
			preferredProjectObjectVersion = 77;
			productRefGroup = 6A7ED2E42F8ED8F700A715B0 /* Products */;
			projectDirPath = "";
			projectRoot = "";
			targets = (
				6A7ED2E22F8ED8F700A715B0 /* zetssh */,
				2530DFE02DDA58C844DAFD2E /* ZetSSHTests */,
			);
		};
/* End PBXProject section */

/* Begin PBXResourcesBuildPhase section */
		660F0251A3E14807C8FF3D56 /* Resources */ = {
			isa = PBXResourcesBuildPhase;
			buildActionMask = 2147483647;
			files = (
			);
			runOnlyForDeploymentPostprocessing = 0;
		};
		6A7ED2E12F8ED8F700A715B0 /* Resources */ = {
			isa = PBXResourcesBuildPhase;
			buildActionMask = 2147483647;
			files = (
			);
			runOnlyForDeploymentPostprocessing = 0;
		};
/* End PBXResourcesBuildPhase section */

/* Begin PBXSourcesBuildPhase section */
		30743474A2694797851D21A7 /* Sources */ = {
			isa = PBXSourcesBuildPhase;
			buildActionMask = 2147483647;
			files = (
				DE9365284879C264C873513C /* KeychainServiceMock.swift in Sources */,
				E5BB7EF65963601D6267B6E9 /* TestDatabase.swift in Sources */,
				CCB4D82AC5B44585253893FD /* SessionTests.swift in Sources */,
				594851FE18058F2BA8CAE1A6 /* KnownHostTests.swift in Sources */,
				F919F46C43830FF6D60B3EEF /* SessionFormValidationTests.swift in Sources */,
				4D75E19017FE25FC3BB7A44B /* SessionViewModelTests.swift in Sources */,
			);
			runOnlyForDeploymentPostprocessing = 0;
		};
		6A7ED2DF2F8ED8F700A715B0 /* Sources */ = {
			isa = PBXSourcesBuildPhase;
			buildActionMask = 2147483647;
			files = (
				EB4B2FF1F9A4ECDE7528CB3A /* TerminalProfile.swift in Sources */,
				43EA15AE8BF68D6418208602 /* ThemeRegistry.swift in Sources */,
				23BC3BCF83DE1DB685DC8083 /* TerminalPreferencesViewModel.swift in Sources */,
				E783617687F1E096E83D2723 /* TerminalSettingsView.swift in Sources */,
			);
			runOnlyForDeploymentPostprocessing = 0;
		};
/* End PBXSourcesBuildPhase section */

/* Begin PBXTargetDependency section */
		5B542420092498AE2BD39DA0 /* PBXTargetDependency */ = {
			isa = PBXTargetDependency;
			name = zetssh;
			target = 6A7ED2E22F8ED8F700A715B0 /* zetssh */;
			targetProxy = F04BA588073FFB303F200C79 /* PBXContainerItemProxy */;
		};
/* End PBXTargetDependency section */

/* Begin XCBuildConfiguration section */
		4B2C8BDC178817097A6E3AE9 /* Debug */ = {
			isa = XCBuildConfiguration;
			buildSettings = {
				BUNDLE_LOADER = "$(TEST_HOST)";
				ENABLE_TESTABILITY = YES;
				GENERATE_INFOPLIST_FILE = YES;
				LD_RUNPATH_SEARCH_PATHS = (
					"$(inherited)",
					"@executable_path/../Frameworks",
					"@loader_path/../Frameworks",
				);
				MACOSX_DEPLOYMENT_TARGET = 14.0;
				PRODUCT_BUNDLE_IDENTIFIER = com.zetssh.ZetSSHTests;
				PRODUCT_NAME = "$(TARGET_NAME)";
				SDKROOT = macosx;
				SWIFT_ACTIVE_COMPILATION_CONDITIONS = DEBUG;
				SWIFT_VERSION = 5.9;
				TEST_HOST = "$(BUILT_PRODUCTS_DIR)/zetssh.app/Contents/MacOS/zetssh";
			};
			name = Debug;
		};
		6A7ED2EC2F8ED8F800A715B0 /* Debug */ = {
			isa = XCBuildConfiguration;
			buildSettings = {
				ALWAYS_SEARCH_USER_PATHS = NO;
				ASSETCATALOG_COMPILER_GENERATE_SWIFT_ASSET_SYMBOL_EXTENSIONS = YES;
				CLANG_ANALYZER_NONNULL = YES;
				CLANG_ANALYZER_NUMBER_OBJECT_CONVERSION = YES_AGGRESSIVE;
				CLANG_CXX_LANGUAGE_STANDARD = "gnu++20";
				CLANG_ENABLE_MODULES = YES;
				CLANG_ENABLE_OBJC_ARC = YES;
				CLANG_ENABLE_OBJC_WEAK = YES;
				CLANG_WARN_BLOCK_CAPTURE_AUTORELEASING = YES;
				CLANG_WARN_BOOL_CONVERSION = YES;
				CLANG_WARN_COMMA = YES;
				CLANG_WARN_CONSTANT_CONVERSION = YES;
				CLANG_WARN_DEPRECATED_OBJC_IMPLEMENTATIONS = YES;
				CLANG_WARN_DIRECT_OBJC_ISA_USAGE = YES_ERROR;
				CLANG_WARN_DOCUMENTATION_COMMENTS = YES;
				CLANG_WARN_EMPTY_BODY = YES;
				CLANG_WARN_ENUM_CONVERSION = YES;
				CLANG_WARN_INFINITE_RECURSION = YES;
				CLANG_WARN_INT_CONVERSION = YES;
				CLANG_WARN_NON_LITERAL_NULL_CONVERSION = YES;
				CLANG_WARN_OBJC_IMPLICIT_RETAIN_SELF = YES;
				CLANG_WARN_OBJC_LITERAL_CONVERSION = YES;
				CLANG_WARN_OBJC_ROOT_CLASS = YES_ERROR;
				CLANG_WARN_QUOTED_INCLUDE_IN_FRAMEWORK_HEADER = YES;
				CLANG_WARN_RANGE_LOOP_ANALYSIS = YES;
				CLANG_WARN_STRICT_PROTOTYPES = YES;
				CLANG_WARN_SUSPICIOUS_MOVE = YES;
				CLANG_WARN_UNGUARDED_AVAILABILITY = YES_AGGRESSIVE;
				CLANG_WARN_UNREACHABLE_CODE = YES;
				CLANG_WARN__DUPLICATE_METHOD_MATCH = YES;
				COPY_PHASE_STRIP = NO;
				DEBUG_INFORMATION_FORMAT = dwarf;
				DEVELOPMENT_TEAM = 2KJN47UP7V;
				ENABLE_STRICT_OBJC_MSGSEND = YES;
				ENABLE_TESTABILITY = YES;
				ENABLE_USER_SCRIPT_SANDBOXING = YES;
				GCC_C_LANGUAGE_STANDARD = gnu17;
				GCC_DYNAMIC_NO_PIC = NO;
				GCC_NO_COMMON_BLOCKS = YES;
				GCC_OPTIMIZATION_LEVEL = 0;
				GCC_PREPROCESSOR_DEFINITIONS = (
					"DEBUG=1",
					"$(inherited)",
				);
				GCC_WARN_64_TO_32_BIT_CONVERSION = YES;
				GCC_WARN_ABOUT_RETURN_TYPE = YES_ERROR;
				GCC_WARN_UNDECLARED_SELECTOR = YES;
				GCC_WARN_UNINITIALIZED_AUTOS = YES_AGGRESSIVE;
				GCC_WARN_UNUSED_FUNCTION = YES;
				GCC_WARN_UNUSED_VARIABLE = YES;
				LOCALIZATION_PREFERS_STRING_CATALOGS = YES;
				MACOSX_DEPLOYMENT_TARGET = 26.2;
				MTL_ENABLE_DEBUG_INFO = INCLUDE_SOURCE;
				MTL_FAST_MATH = YES;
				ONLY_ACTIVE_ARCH = YES;
				SDKROOT = macosx;
				SWIFT_ACTIVE_COMPILATION_CONDITIONS = "DEBUG $(inherited)";
				SWIFT_OPTIMIZATION_LEVEL = "-Onone";
			};
			name = Debug;
		};
		6A7ED2ED2F8ED8F800A715B0 /* Release */ = {
			isa = XCBuildConfiguration;
			buildSettings = {
				ALWAYS_SEARCH_USER_PATHS = NO;
				ASSETCATALOG_COMPILER_GENERATE_SWIFT_ASSET_SYMBOL_EXTENSIONS = YES;
				CLANG_ANALYZER_NONNULL = YES;
				CLANG_ANALYZER_NUMBER_OBJECT_CONVERSION = YES_AGGRESSIVE;
				CLANG_CXX_LANGUAGE_STANDARD = "gnu++20";
				CLANG_ENABLE_MODULES = YES;
				CLANG_ENABLE_OBJC_ARC = YES;
				CLANG_ENABLE_OBJC_WEAK = YES;
				CLANG_WARN_BLOCK_CAPTURE_AUTORELEASING = YES;
				CLANG_WARN_BOOL_CONVERSION = YES;
				CLANG_WARN_COMMA = YES;
				CLANG_WARN_CONSTANT_CONVERSION = YES;
				CLANG_WARN_DEPRECATED_OBJC_IMPLEMENTATIONS = YES;
				CLANG_WARN_DIRECT_OBJC_ISA_USAGE = YES_ERROR;
				CLANG_WARN_DOCUMENTATION_COMMENTS = YES;
				CLANG_WARN_EMPTY_BODY = YES;
				CLANG_WARN_ENUM_CONVERSION = YES;
				CLANG_WARN_INFINITE_RECURSION = YES;
				CLANG_WARN_INT_CONVERSION = YES;
				CLANG_WARN_NON_LITERAL_NULL_CONVERSION = YES;
				CLANG_WARN_OBJC_IMPLICIT_RETAIN_SELF = YES;
				CLANG_WARN_OBJC_LITERAL_CONVERSION = YES;
				CLANG_WARN_OBJC_ROOT_CLASS = YES_ERROR;
				CLANG_WARN_QUOTED_INCLUDE_IN_FRAMEWORK_HEADER = YES;
				CLANG_WARN_RANGE_LOOP_ANALYSIS = YES;
				CLANG_WARN_STRICT_PROTOTYPES = YES;
				CLANG_WARN_SUSPICIOUS_MOVE = YES;
				CLANG_WARN_UNGUARDED_AVAILABILITY = YES_AGGRESSIVE;
				CLANG_WARN_UNREACHABLE_CODE = YES;
				CLANG_WARN__DUPLICATE_METHOD_MATCH = YES;
				COPY_PHASE_STRIP = NO;
				DEBUG_INFORMATION_FORMAT = "dwarf-with-dsym";
				DEVELOPMENT_TEAM = 2KJN47UP7V;
				ENABLE_NS_ASSERTIONS = NO;
				ENABLE_STRICT_OBJC_MSGSEND = YES;
				ENABLE_USER_SCRIPT_SANDBOXING = YES;
				GCC_C_LANGUAGE_STANDARD = gnu17;
				GCC_NO_COMMON_BLOCKS = YES;
				GCC_WARN_64_TO_32_BIT_CONVERSION = YES;
				GCC_WARN_ABOUT_RETURN_TYPE = YES_ERROR;
				GCC_WARN_UNDECLARED_SELECTOR = YES;
				GCC_WARN_UNINITIALIZED_AUTOS = YES_AGGRESSIVE;
				GCC_WARN_UNUSED_FUNCTION = YES;
				GCC_WARN_UNUSED_VARIABLE = YES;
				LOCALIZATION_PREFERS_STRING_CATALOGS = YES;
				MACOSX_DEPLOYMENT_TARGET = 26.2;
				MTL_ENABLE_DEBUG_INFO = NO;
				MTL_FAST_MATH = YES;
				SDKROOT = macosx;
				SWIFT_COMPILATION_MODE = wholemodule;
			};
			name = Release;
		};
		6A7ED2EF2F8ED8F800A715B0 /* Debug */ = {
			isa = XCBuildConfiguration;
			buildSettings = {
				ASSETCATALOG_COMPILER_APPICON_NAME = AppIcon;
				ASSETCATALOG_COMPILER_GLOBAL_ACCENT_COLOR_NAME = AccentColor;
				CODE_SIGN_ENTITLEMENTS = zetssh/zetssh.entitlements;
				CODE_SIGN_STYLE = Automatic;
				COMBINE_HIDPI_IMAGES = YES;
				CURRENT_PROJECT_VERSION = 1;
				DEVELOPMENT_TEAM = 2KJN47UP7V;
				ENABLE_APP_SANDBOX = YES;
				ENABLE_HARDENED_RUNTIME = YES;
				ENABLE_PREVIEWS = YES;
				ENABLE_USER_SELECTED_FILES = readonly;
				GENERATE_INFOPLIST_FILE = YES;
				INFOPLIST_KEY_NSHumanReadableCopyright = "";
				LD_RUNPATH_SEARCH_PATHS = (
					"$(inherited)",
					"@executable_path/../Frameworks",
				);
				MACOSX_DEPLOYMENT_TARGET = 14.0;
				MARKETING_VERSION = 1.0;
				PRODUCT_BUNDLE_IDENTIFIER = com.mzet97.zetssh;
				PRODUCT_NAME = "$(TARGET_NAME)";
				REGISTER_APP_GROUPS = YES;
				STRING_CATALOG_GENERATE_SYMBOLS = YES;
				SWIFT_APPROACHABLE_CONCURRENCY = YES;
				SWIFT_DEFAULT_ACTOR_ISOLATION = MainActor;
				SWIFT_EMIT_LOC_STRINGS = YES;
				SWIFT_UPCOMING_FEATURE_MEMBER_IMPORT_VISIBILITY = YES;
				SWIFT_VERSION = 5.0;
			};
			name = Debug;
		};
		6A7ED2F02F8ED8F800A715B0 /* Release */ = {
			isa = XCBuildConfiguration;
			buildSettings = {
				ASSETCATALOG_COMPILER_APPICON_NAME = AppIcon;
				ASSETCATALOG_COMPILER_GLOBAL_ACCENT_COLOR_NAME = AccentColor;
				CODE_SIGN_ENTITLEMENTS = zetssh/zetssh.entitlements;
				CODE_SIGN_STYLE = Automatic;
				COMBINE_HIDPI_IMAGES = YES;
				CURRENT_PROJECT_VERSION = 1;
				DEVELOPMENT_TEAM = 2KJN47UP7V;
				ENABLE_APP_SANDBOX = YES;
				ENABLE_HARDENED_RUNTIME = YES;
				ENABLE_PREVIEWS = YES;
				ENABLE_USER_SELECTED_FILES = readonly;
				GENERATE_INFOPLIST_FILE = YES;
				INFOPLIST_KEY_NSHumanReadableCopyright = "";
				LD_RUNPATH_SEARCH_PATHS = (
					"$(inherited)",
					"@executable_path/../Frameworks",
				);
				MACOSX_DEPLOYMENT_TARGET = 14.0;
				MARKETING_VERSION = 1.0;
				PRODUCT_BUNDLE_IDENTIFIER = com.mzet97.zetssh;
				PRODUCT_NAME = "$(TARGET_NAME)";
				REGISTER_APP_GROUPS = YES;
				STRING_CATALOG_GENERATE_SYMBOLS = YES;
				SWIFT_APPROACHABLE_CONCURRENCY = YES;
				SWIFT_DEFAULT_ACTOR_ISOLATION = MainActor;
				SWIFT_EMIT_LOC_STRINGS = YES;
				SWIFT_UPCOMING_FEATURE_MEMBER_IMPORT_VISIBILITY = YES;
				SWIFT_VERSION = 5.0;
			};
			name = Release;
		};
		92E5581F045B73A0EE1ABE8B /* Release */ = {
			isa = XCBuildConfiguration;
			buildSettings = {
				BUNDLE_LOADER = "$(TEST_HOST)";
				ENABLE_TESTABILITY = YES;
				GENERATE_INFOPLIST_FILE = YES;
				LD_RUNPATH_SEARCH_PATHS = (
					"$(inherited)",
					"@executable_path/../Frameworks",
					"@loader_path/../Frameworks",
				);
				MACOSX_DEPLOYMENT_TARGET = 14.0;
				PRODUCT_BUNDLE_IDENTIFIER = com.zetssh.ZetSSHTests;
				PRODUCT_NAME = "$(TARGET_NAME)";
				SDKROOT = macosx;
				SWIFT_ACTIVE_COMPILATION_CONDITIONS = DEBUG;
				SWIFT_VERSION = 5.9;
				TEST_HOST = "$(BUILT_PRODUCTS_DIR)/zetssh.app/Contents/MacOS/zetssh";
			};
			name = Release;
		};
/* End XCBuildConfiguration section */

/* Begin XCConfigurationList section */
		196D1C7F756F33D92EFFDAEB /* Build configuration list for PBXNativeTarget "ZetSSHTests" */ = {
			isa = XCConfigurationList;
			buildConfigurations = (
				92E5581F045B73A0EE1ABE8B /* Release */,
				4B2C8BDC178817097A6E3AE9 /* Debug */,
			);
			defaultConfigurationIsVisible = 0;
			defaultConfigurationName = Release;
		};
		6A7ED2DE2F8ED8F700A715B0 /* Build configuration list for PBXProject "zetssh" */ = {
			isa = XCConfigurationList;
			buildConfigurations = (
				6A7ED2EC2F8ED8F800A715B0 /* Debug */,
				6A7ED2ED2F8ED8F800A715B0 /* Release */,
			);
			defaultConfigurationIsVisible = 0;
			defaultConfigurationName = Release;
		};
		6A7ED2EE2F8ED8F800A715B0 /* Build configuration list for PBXNativeTarget "zetssh" */ = {
			isa = XCConfigurationList;
			buildConfigurations = (
				6A7ED2EF2F8ED8F800A715B0 /* Debug */,
				6A7ED2F02F8ED8F800A715B0 /* Release */,
			);
			defaultConfigurationIsVisible = 0;
			defaultConfigurationName = Release;
		};
/* End XCConfigurationList section */

/* Begin XCRemoteSwiftPackageReference section */
		3F236E04C2B7E7DCD8185034 /* XCRemoteSwiftPackageReference "SwiftTerm" */ = {
			isa = XCRemoteSwiftPackageReference;
			repositoryURL = "https://github.com/migueldeicaza/SwiftTerm.git";
			requirement = {
				kind = upToNextMajorVersion;
				minimumVersion = 1.0.0;
			};
		};
		A00F5B58FAC6FAAE27F200E9 /* XCRemoteSwiftPackageReference "swift-nio-ssh" */ = {
			isa = XCRemoteSwiftPackageReference;
			repositoryURL = "https://github.com/apple/swift-nio-ssh.git";
			requirement = {
				kind = upToNextMajorVersion;
				minimumVersion = 0.9.0;
			};
		};
		C4E015F97648DB9B4F515303 /* XCRemoteSwiftPackageReference "GRDB.swift" */ = {
			isa = XCRemoteSwiftPackageReference;
			repositoryURL = "https://github.com/groue/GRDB.swift.git";
			requirement = {
				kind = upToNextMajorVersion;
				minimumVersion = 6.27.0;
			};
		};
/* End XCRemoteSwiftPackageReference section */

/* Begin XCSwiftPackageProductDependency section */
		55DF05A872FC3FA28C7CA55D /* SwiftTerm */ = {
			isa = XCSwiftPackageProductDependency;
			package = 3F236E04C2B7E7DCD8185034 /* XCRemoteSwiftPackageReference "SwiftTerm" */;
			productName = SwiftTerm;
		};
		6C0264FD721A3FCCFED9642C /* GRDB */ = {
			isa = XCSwiftPackageProductDependency;
			package = C4E015F97648DB9B4F515303 /* XCRemoteSwiftPackageReference "GRDB.swift" */;
			productName = GRDB;
		};
		B2A53C70A9566925E6BF53E1 /* NIOSSH */ = {
			isa = XCSwiftPackageProductDependency;
			package = A00F5B58FAC6FAAE27F200E9 /* XCRemoteSwiftPackageReference "swift-nio-ssh" */;
			productName = NIOSSH;
		};
		BE5C2E17EF0C69207E974734 /* GRDB */ = {
			isa = XCSwiftPackageProductDependency;
			package = C4E015F97648DB9B4F515303 /* XCRemoteSwiftPackageReference "GRDB.swift" */;
			productName = GRDB;
		};
/* End XCSwiftPackageProductDependency section */
	};
	rootObject = 6A7ED2DB2F8ED8F700A715B0 /* Project object */;
}
